<?xml version="1.0" encoding="UTF-8" standalone="yes" ?>
<CodeBlocks_project_file>
	<FileVersion major="1" minor="6" />
	<Project>
		<Option title="Onitama NN" />
		<Option pch_mode="2" />
		<Option compiler="gcc" />
		<Build>
			<Target title="Debug">
				<Option output="bin/Debug/Onitama NN" prefix_auto="1" extension_auto="1" />
				<Option object_output="obj/Debug/" />
				<Option type="1" />
				<Option compiler="gcc" />
				<Compiler>
					<Add option="-std=c++14" />
					<Add option="-g" />
					<Add directory="../../fann/src/include" />
				</Compiler>
				<Linker>
					<Add library="../../fann/bin/x64/fanndoubled.lib" />
					<Add library="../../fann/bin/x64/fannfixedd.lib" />
					<Add library="../../fann/bin/x64/fannfloatd.lib" />
					<Add directory="../../fann/src/include" />
				</Linker>
			</Target>
			<Target title="Release">
				<Option output="bin/Release/Onitama NN" prefix_auto="1" extension_auto="1" />
				<Option object_output="obj/Release/" />
				<Option type="1" />
				<Option compiler="gcc" />
				<Compiler>
					<Add option="-O2" />
				</Compiler>
				<Linker>
					<Add option="-s" />
				</Linker>
			</Target>
		</Build>
		<Compiler>
			<Add option="-Wall" />
			<Add option="-std=c++11" />
		</Compiler>
		<Linker>
			<Add library="./fannfloatd.lib" />
		</Linker>
		<Unit filename="Onitama NN.cpp" />
		<Unit filename="fanndoubled.dll" />
		<Unit filename="fannfixedd.dll" />
		<Unit filename="fannfloatd.dll" />
		<Extensions>
			<code_completion />
			<envvars />
			<debugger />
			<lib_finder disable_auto="1" />
		</Extensions>
	</Project>
</CodeBlocks_project_file>
